// !$*UTF8*$!
{
	archiveVersion = 1;
	classes = {
	};
	objectVersion = 77;
	objects = {

/* Begin PBXContainerItemProxy section */
		3CD3E01F2DF58053006FCEDC /* PBXContainerItemProxy */ = {
			isa = PBXContainerItemProxy;
			containerPortal = 3CD3E0072DF58051006FCEDC /* Project object */;
			proxyType = 1;
			remoteGlobalIDString = 3CD3E00E2DF58051006FCEDC;
			remoteInfo = TestAcc;
		};
		3CD3E0292DF58053006FCEDC /* PBXContainerItemProxy */ = {
			isa = PBXContainerItemProxy;
			containerPortal = 3CD3E0072DF58051006FCEDC /* Project object */;
			proxyType = 1;
			remoteGlobalIDString = 3CD3E00E2DF58051006FCEDC;
			remoteInfo = TestAcc;
		};
/* End PBXContainerItemProxy section */

/* Begin PBXFileReference section */
		3CD3E00F2DF58051006FCEDC /* TestAcc.app */ = {isa = PBXFileReference; explicitFileType = wrapper.application; includeInIndex = 0; path = TestAcc.app; sourceTree = BUILT_PRODUCTS_DIR; };
		3CD3E01E2DF58053006FCEDC /* TestAccTests.xctest */ = {isa = PBXFileReference; explicitFileType = wrapper.cfbundle; includeInIndex = 0; path = TestAccTests.xctest; sourceTree = BUILT_PRODUCTS_DIR; };
		3CD3E0282DF58053006FCEDC /* TestAccUITests.xctest */ = {isa = PBXFileReference; explicitFileType = wrapper.cfbundle; includeInIndex = 0; path = TestAccUITests.xctest; sourceTree = BUILT_PRODUCTS_DIR; };
/* End PBXFileReference section */

/* Begin PBXFileSystemSynchronizedBuildFileExceptionSet section */
		3CD3E0472DF5825B006FCEDC /* Exceptions for "TestAcc" folder in "TestAcc" target */ = {
			isa = PBXFileSystemSynchronizedBuildFileExceptionSet;
			membershipExceptions = (
				Info.plist,
			);
			target = 3CD3E00E2DF58051006FCEDC /* TestAcc */;
		};
/* End PBXFileSystemSynchronizedBuildFileExceptionSet section */

/* Begin PBXFileSystemSynchronizedRootGroup section */
		3CD3E0112DF58051006FCEDC /* TestAcc */ = {
			isa = PBXFileSystemSynchronizedRootGroup;
			exceptions = (
				3CD3E0472DF5825B006FCEDC /* Exceptions for "TestAcc" folder in "TestAcc" target */,
			);
			path = TestAcc;
			sourceTree = "<group>";
		};
		3CD3E0212DF58053006FCEDC /* TestAccTests */ = {
			isa = PBXFileSystemSynchronizedRootGroup;
			path = TestAccTests;
			sourceTree = "<group>";
		};
		3CD3E02B2DF58053006FCEDC /* TestAccUITests */ = {
			isa = PBXFileSystemSynchronizedRootGroup;
			path = TestAccUITests;
			sourceTree = "<group>";
		};
/* End PBXFileSystemSynchronizedRootGroup section */

/* Begin PBXFrameworksBuildPhase section */
		3CD3E00C2DF58051006FCEDC /* Frameworks */ = {
			isa = PBXFrameworksBuildPhase;
			buildActionMask = 2147483647;
			files = (
			);
			runOnlyForDeploymentPostprocessing = 0;
		};
		3CD3E01B2DF58053006FCEDC /* Frameworks */ = {
			isa = PBXFrameworksBuildPhase;
			buildActionMask = 2147483647;
			files = (
			);
			runOnlyForDeploymentPostprocessing = 0;
		};
		3CD3E0252DF58053006FCEDC /* Frameworks */ = {
			isa = PBXFrameworksBuildPhase;
			buildActionMask = 2147483647;
			files = (
			);
			runOnlyForDeploymentPostprocessing = 0;
		};
/* End PBXFrameworksBuildPhase section */

/* Begin PBXGroup section */
		3CD3E0062DF58051006FCEDC = {
			isa = PBXGroup;
			children = (
				3CD3E0112DF58051006FCEDC /* TestAcc */,
				3CD3E0212DF58053006FCEDC /* TestAccTests */,
				3CD3E02B2DF58053006FCEDC /* TestAccUITests */,
				3CD3E0102DF58051006FCEDC /* Products */,
			);
			sourceTree = "<group>";
		};
		3CD3E0102DF58051006FCEDC /* Products */ = {
			isa = PBXGroup;
			children = (
				3CD3E00F2DF58051006FCEDC /* TestAcc.app */,
				3CD3E01E2DF58053006FCEDC /* TestAccTests.xctest */,
				3CD3E0282DF58053006FCEDC /* TestAccUITests.xctest */,
			);
			name = Products;
			sourceTree = "<group>";
		};
/* End PBXGroup section */

/* Begin PBXNativeTarget section */
		3CD3E00E2DF58051006FCEDC /* TestAcc */ = {
			isa = PBXNativeTarget;
			buildConfigurationList = 3CD3E0322DF58053006FCEDC /* Build configuration list for PBXNativeTarget "TestAcc" */;
			buildPhases = (
				3CD3E00B2DF58051006FCEDC /* Sources */,
				3CD3E00C2DF58051006FCEDC /* Frameworks */,
				3CD3E00D2DF58051006FCEDC /* Resources */,
			);
			buildRules = (
			);
			dependencies = (
			);
			fileSystemSynchronizedGroups = (
				3CD3E0112DF58051006FCEDC /* TestAcc */,
			);
			name = TestAcc;
			packageProductDependencies = (
			);
			productName = TestAcc;
			productReference = 3CD3E00F2DF58051006FCEDC /* TestAcc.app */;
			productType = "com.apple.product-type.application";
		};
		3CD3E01D2DF58053006FCEDC /* TestAccTests */ = {
			isa = PBXNativeTarget;
			buildConfigurationList = 3CD3E0352DF58053006FCEDC /* Build configuration list for PBXNativeTarget "TestAccTests" */;
			buildPhases = (
				3CD3E01A2DF58053006FCEDC /* Sources */,
				3CD3E01B2DF58053006FCEDC /* Frameworks */,
				3CD3E01C2DF58053006FCEDC /* Resources */,
			);
			buildRules = (
			);
			dependencies = (
				3CD3E0202DF58053006FCEDC /* PBXTargetDependency */,
			);
			fileSystemSynchronizedGroups = (
				3CD3E0212DF58053006FCEDC /* TestAccTests */,
			);
			name = TestAccTests;
			packageProductDependencies = (
			);
			productName = TestAccTests;
			productReference = 3CD3E01E2DF58053006FCEDC /* TestAccTests.xctest */;
			productType = "com.apple.product-type.bundle.unit-test";
		};
		3CD3E0272DF58053006FCEDC /* TestAccUITests */ = {
			isa = PBXNativeTarget;
			buildConfigurationList = 3CD3E0382DF58053006FCEDC /* Build configuration list for PBXNativeTarget "TestAccUITests" */;
			buildPhases = (
				3CD3E0242DF58053006FCEDC /* Sources */,
				3CD3E0252DF58053006FCEDC /* Frameworks */,
				3CD3E0262DF58053006FCEDC /* Resources */,
			);
			buildRules = (
			);
			dependencies = (
				3CD3E02A2DF58053006FCEDC /* PBXTargetDependency */,
			);
			fileSystemSynchronizedGroups = (
				3CD3E02B2DF58053006FCEDC /* TestAccUITests */,
			);
			name = TestAccUITests;
			packageProductDependencies = (
			);
			productName = TestAccUITests;
			productReference = 3CD3E0282DF58053006FCEDC /* TestAccUITests.xctest */;
			productType = "com.apple.product-type.bundle.ui-testing";
		};
/* End PBXNativeTarget section */

/* Begin PBXProject section */
		3CD3E0072DF58051006FCEDC /* Project object */ = {
			isa = PBXProject;
			attributes = {
				BuildIndependentTargetsInParallel = 1;
				LastSwiftUpdateCheck = 1630;
				LastUpgradeCheck = 1630;
				TargetAttributes = {
					3CD3E00E2DF58051006FCEDC = {
						CreatedOnToolsVersion = 16.3;
					};
					3CD3E01D2DF58053006FCEDC = {
						CreatedOnToolsVersion = 16.3;
						TestTargetID = 3CD3E00E2DF58051006FCEDC;
					};
					3CD3E0272DF58053006FCEDC = {
						CreatedOnToolsVersion = 16.3;
						TestTargetID = 3CD3E00E2DF58051006FCEDC;
					};
				};
			};
			buildConfigurationList = 3CD3E00A2DF58051006FCEDC /* Build configuration list for PBXProject "TestAcc" */;
			developmentRegion = en;
			hasScannedForEncodings = 0;
			knownRegions = (
				en,
				Base,
			);
			mainGroup = 3CD3E0062DF58051006FCEDC;
			minimizedProjectReferenceProxies = 1;
			preferredProjectObjectVersion = 77;
			productRefGroup = 3CD3E0102DF58051006FCEDC /* Products */;
			projectDirPath = "";
			projectRoot = "";
			targets = (
				3CD3E00E2DF58051006FCEDC /* TestAcc */,
				3CD3E01D2DF58053006FCEDC /* TestAccTests */,
				3CD3E0272DF58053006FCEDC /* TestAccUITests */,
			);
		};
/* End PBXProject section */

/* Begin PBXResourcesBuildPhase section */
		3CD3E00D2DF58051006FCEDC /* Resources */ = {
			isa = PBXResourcesBuildPhase;
			buildActionMask = 2147483647;
			files = (
			);
			runOnlyForDeploymentPostprocessing = 0;
		};
		3CD3E01C2DF58053006FCEDC /* Resources */ = {
			isa = PBXResourcesBuildPhase;
			buildActionMask = 2147483647;
			files = (
			);
			runOnlyForDeploymentPostprocessing = 0;
		};
		3CD3E0262DF58053006FCEDC /* Resources */ = {
			isa = PBXResourcesBuildPhase;
			buildActionMask = 2147483647;
			files = (
			);
			runOnlyForDeploymentPostprocessing = 0;
		};
/* End PBXResourcesBuildPhase section */

/* Begin PBXSourcesBuildPhase section */
		3CD3E00B2DF58051006FCEDC /* Sources */ = {
			isa = PBXSourcesBuildPhase;
			buildActionMask = 2147483647;
			files = (
			);
			runOnlyForDeploymentPostprocessing = 0;
		};
		3CD3E01A2DF58053006FCEDC /* Sources */ = {
			isa = PBXSourcesBuildPhase;
			buildActionMask = 2147483647;
			files = (
			);
			runOnlyForDeploymentPostprocessing = 0;
		};
		3CD3E0242DF58053006FCEDC /* Sources */ = {
			isa = PBXSourcesBuildPhase;
			buildActionMask = 2147483647;
			files = (
			);
			runOnlyForDeploymentPostprocessing = 0;
		};
/* End PBXSourcesBuildPhase section */

/* Begin PBXTargetDependency section */
		3CD3E0202DF58053006FCEDC /* PBXTargetDependency */ = {
			isa = PBXTargetDependency;
			target = 3CD3E00E2DF58051006FCEDC /* TestAcc */;
			targetProxy = 3CD3E01F2DF58053006FCEDC /* PBXContainerItemProxy */;
		};
		3CD3E02A2DF58053006FCEDC /* PBXTargetDependency */ = {
			isa = PBXTargetDependency;
			target = 3CD3E00E2DF58051006FCEDC /* TestAcc */;
			targetProxy = 3CD3E0292DF58053006FCEDC /* PBXContainerItemProxy */;
		};
/* End PBXTargetDependency section */

/* Begin XCBuildConfiguration section */
		3CD3E0302DF58053006FCEDC /* Debug */ = {
			isa = XCBuildConfiguration;
			buildSettings = {
				ALWAYS_SEARCH_USER_PATHS = NO;
				ASSETCATALOG_COMPILER_GENERATE_SWIFT_ASSET_SYMBOL_EXTENSIONS = YES;
				CLANG_ANALYZER_NONNULL = YES;
				CLANG_ANALYZER_NUMBER_OBJECT_CONVERSION = YES_AGGRESSIVE;
				CLANG_CXX_LANGUAGE_STANDARD = "gnu++20";
				CLANG_ENABLE_MODULES = YES;
				CLANG_ENABLE_OBJC_ARC = YES;
				CLANG_ENABLE_OBJC_WEAK = YES;
				CLANG_WARN_BLOCK_CAPTURE_AUTORELEASING = YES;
				CLANG_WARN_BOOL_CONVERSION = YES;
				CLANG_WARN_COMMA = YES;
				CLANG_WARN_CONSTANT_CONVERSION = YES;
				CLANG_WARN_DEPRECATED_OBJC_IMPLEMENTATIONS = YES;
				CLANG_WARN_DIRECT_OBJC_ISA_USAGE = YES_ERROR;
				CLANG_WARN_DOCUMENTATION_COMMENTS = YES;
				CLANG_WARN_EMPTY_BODY = YES;
				CLANG_WARN_ENUM_CONVERSION = YES;
				CLANG_WARN_INFINITE_RECURSION = YES;
				CLANG_WARN_INT_CONVERSION = YES;
				CLANG_WARN_NON_LITERAL_NULL_CONVERSION = YES;
				CLANG_WARN_OBJC_IMPLICIT_RETAIN_SELF = YES;
				CLANG_WARN_OBJC_LITERAL_CONVERSION = YES;
				CLANG_WARN_OBJC_ROOT_CLASS = YES_ERROR;
				CLANG_WARN_QUOTED_INCLUDE_IN_FRAMEWORK_HEADER = YES;
				CLANG_WARN_RANGE_LOOP_ANALYSIS = YES;
				CLANG_WARN_STRICT_PROTOTYPES = YES;
				CLANG_WARN_SUSPICIOUS_MOVE = YES;
				CLANG_WARN_UNGUARDED_AVAILABILITY = YES_AGGRESSIVE;
				CLANG_WARN_UNREACHABLE_CODE = YES;
				CLANG_WARN__DUPLICATE_METHOD_MATCH = YES;
				COPY_PHASE_STRIP = NO;
				DEBUG_INFORMATION_FORMAT = dwarf;
				ENABLE_STRICT_OBJC_MSGSEND = YES;
				ENABLE_TESTABILITY = YES;
				ENABLE_USER_SCRIPT_SANDBOXING = YES;
				GCC_C_LANGUAGE_STANDARD = gnu17;
				GCC_DYNAMIC_NO_PIC = NO;
				GCC_NO_COMMON_BLOCKS = YES;
				GCC_OPTIMIZATION_LEVEL = 0;
				GCC_PREPROCESSOR_DEFINITIONS = (
					"DEBUG=1",
					"$(inherited)",
				);
				GCC_WARN_64_TO_32_BIT_CONVERSION = YES;
				GCC_WARN_ABOUT_RETURN_TYPE = YES_ERROR;
				GCC_WARN_UNDECLARED_SELECTOR = YES;
				GCC_WARN_UNINITIALIZED_AUTOS = YES_AGGRESSIVE;
				GCC_WARN_UNUSED_FUNCTION = YES;
				GCC_WARN_UNUSED_VARIABLE = YES;
				IPHONEOS_DEPLOYMENT_TARGET = 18.4;
				LOCALIZATION_PREFERS_STRING_CATALOGS = YES;
				MTL_ENABLE_DEBUG_INFO = INCLUDE_SOURCE;
				MTL_FAST_MATH = YES;
				ONLY_ACTIVE_ARCH = YES;
				SDKROOT = iphoneos;
				SWIFT_ACTIVE_COMPILATION_CONDITIONS = "DEBUG $(inherited)";
				SWIFT_OPTIMIZATION_LEVEL = "-Onone";
			};
			name = Debug;
		};
		3CD3E0312DF58053006FCEDC /* Release */ = {
			isa = XCBuildConfiguration;
			buildSettings = {
				ALWAYS_SEARCH_USER_PATHS = NO;
				ASSETCATALOG_COMPILER_GENERATE_SWIFT_ASSET_SYMBOL_EXTENSIONS = YES;
				CLANG_ANALYZER_NONNULL = YES;
				CLANG_ANALYZER_NUMBER_OBJECT_CONVERSION = YES_AGGRESSIVE;
				CLANG_CXX_LANGUAGE_STANDARD = "gnu++20";
				CLANG_ENABLE_MODULES = YES;
				CLANG_ENABLE_OBJC_ARC = YES;
				CLANG_ENABLE_OBJC_WEAK = YES;
				CLANG_WARN_BLOCK_CAPTURE_AUTORELEASING = YES;
				CLANG_WARN_BOOL_CONVERSION = YES;
				CLANG_WARN_COMMA = YES;
				CLANG_WARN_CONSTANT_CONVERSION = YES;
				CLANG_WARN_DEPRECATED_OBJC_IMPLEMENTATIONS = YES;
				CLANG_WARN_DIRECT_OBJC_ISA_USAGE = YES_ERROR;
				CLANG_WARN_DOCUMENTATION_COMMENTS = YES;
				CLANG_WARN_EMPTY_BODY = YES;
				CLANG_WARN_ENUM_CONVERSION = YES;
				CLANG_WARN_INFINITE_RECURSION = YES;
				CLANG_WARN_INT_CONVERSION = YES;
				CLANG_WARN_NON_LITERAL_NULL_CONVERSION = YES;
				CLANG_WARN_OBJC_IMPLICIT_RETAIN_SELF = YES;
				CLANG_WARN_OBJC_LITERAL_CONVERSION = YES;
				CLANG_WARN_OBJC_ROOT_CLASS = YES_ERROR;
				CLANG_WARN_QUOTED_INCLUDE_IN_FRAMEWORK_HEADER = YES;
				CLANG_WARN_RANGE_LOOP_ANALYSIS = YES;
				CLANG_WARN_STRICT_PROTOTYPES = YES;
				CLANG_WARN_SUSPICIOUS_MOVE = YES;
				CLANG_WARN_UNGUARDED_AVAILABILITY = YES_AGGRESSIVE;
				CLANG_WARN_UNREACHABLE_CODE = YES;
				CLANG_WARN__DUPLICATE_METHOD_MATCH = YES;
				COPY_PHASE_STRIP = NO;
				DEBUG_INFORMATION_FORMAT = "dwarf-with-dsym";
				ENABLE_NS_ASSERTIONS = NO;
				ENABLE_STRICT_OBJC_MSGSEND = YES;
				ENABLE_USER_SCRIPT_SANDBOXING = YES;
				GCC_C_LANGUAGE_STANDARD = gnu17;
				GCC_NO_COMMON_BLOCKS = YES;
				GCC_WARN_64_TO_32_BIT_CONVERSION = YES;
				GCC_WARN_ABOUT_RETURN_TYPE = YES_ERROR;
				GCC_WARN_UNDECLARED_SELECTOR = YES;
				GCC_WARN_UNINITIALIZED_AUTOS = YES_AGGRESSIVE;
				GCC_WARN_UNUSED_FUNCTION = YES;
				GCC_WARN_UNUSED_VARIABLE = YES;
				IPHONEOS_DEPLOYMENT_TARGET = 18.4;
				LOCALIZATION_PREFERS_STRING_CATALOGS = YES;
				MTL_ENABLE_DEBUG_INFO = NO;
				MTL_FAST_MATH = YES;
				SDKROOT = iphoneos;
				SWIFT_COMPILATION_MODE = wholemodule;
				VALIDATE_PRODUCT = YES;
			};
			name = Release;
		};
		3CD3E0332DF58053006FCEDC /* Debug */ = {
			isa = XCBuildConfiguration;
			buildSettings = {
				ASSETCATALOG_COMPILER_APPICON_NAME = AppIcon;
				ASSETCATALOG_COMPILER_GLOBAL_ACCENT_COLOR_NAME = AccentColor;
				CODE_SIGN_STYLE = Automatic;
				CURRENT_PROJECT_VERSION = 1;
				DEVELOPMENT_TEAM = 2G5K858GH4;
				ENABLE_PREVIEWS = YES;
				GENERATE_INFOPLIST_FILE = YES;
				INFOPLIST_FILE = TestAcc/Info.plist;
				INFOPLIST_KEY_UIApplicationSceneManifest_Generation = YES;
				INFOPLIST_KEY_UIApplicationSupportsIndirectInputEvents = YES;
				INFOPLIST_KEY_UILaunchScreen_Generation = YES;
				INFOPLIST_KEY_UISupportedInterfaceOrientations_iPad = "UIInterfaceOrientationPortrait UIInterfaceOrientationPortraitUpsideDown UIInterfaceOrientationLandscapeLeft UIInterfaceOrientationLandscapeRight";
				INFOPLIST_KEY_UISupportedInterfaceOrientations_iPhone = "UIInterfaceOrientationPortrait UIInterfaceOrientationLandscapeLeft UIInterfaceOrientationLandscapeRight";
				LD_RUNPATH_SEARCH_PATHS = (
					"$(inherited)",
					"@executable_path/Frameworks",
				);
				MARKETING_VERSION = 1.0;
				PRODUCT_BUNDLE_IDENTIFIER = com.sy.TestAcc;
				PRODUCT_NAME = "$(TARGET_NAME)";
				SWIFT_EMIT_LOC_STRINGS = YES;
				SWIFT_VERSION = 5.0;
				TARGETED_DEVICE_FAMILY = "1,2";
			};
			name = Debug;
		};
		3CD3E0342DF58053006FCEDC /* Release */ = {
			isa = XCBuildConfiguration;
			buildSettings = {
				ASSETCATALOG_COMPILER_APPICON_NAME = AppIcon;
				ASSETCATALOG_COMPILER_GLOBAL_ACCENT_COLOR_NAME = AccentColor;
				CODE_SIGN_STYLE = Automatic;
				CURRENT_PROJECT_VERSION = 1;
				DEVELOPMENT_TEAM = 2G5K858GH4;
				ENABLE_PREVIEWS = YES;
				GENERATE_INFOPLIST_FILE = YES;
				INFOPLIST_FILE = TestAcc/Info.plist;
				INFOPLIST_KEY_UIApplicationSceneManifest_Generation = YES;
				INFOPLIST_KEY_UIApplicationSupportsIndirectInputEvents = YES;
				INFOPLIST_KEY_UILaunchScreen_Generation = YES;
				INFOPLIST_KEY_UISupportedInterfaceOrientations_iPad = "UIInterfaceOrientationPortrait UIInterfaceOrientationPortraitUpsideDown UIInterfaceOrientationLandscapeLeft UIInterfaceOrientationLandscapeRight";
				INFOPLIST_KEY_UISupportedInterfaceOrientations_iPhone = "UIInterfaceOrientationPortrait UIInterfaceOrientationLandscapeLeft UIInterfaceOrientationLandscapeRight";
				LD_RUNPATH_SEARCH_PATHS = (
					"$(inherited)",
					"@executable_path/Frameworks",
				);
				MARKETING_VERSION = 1.0;
				PRODUCT_BUNDLE_IDENTIFIER = com.sy.TestAcc;
				PRODUCT_NAME = "$(TARGET_NAME)";
				SWIFT_EMIT_LOC_STRINGS = YES;
				SWIFT_VERSION = 5.0;
				TARGETED_DEVICE_FAMILY = "1,2";
			};
			name = Release;
		};
		3CD3E0362DF58053006FCEDC /* Debug */ = {
			isa = XCBuildConfiguration;
			buildSettings = {
				BUNDLE_LOADER = "$(TEST_HOST)";
				CODE_SIGN_STYLE = Automatic;
				CURRENT_PROJECT_VERSION = 1;
				GENERATE_INFOPLIST_FILE = YES;
				IPHONEOS_DEPLOYMENT_TARGET = 18.4;
				MARKETING_VERSION = 1.0;
				PRODUCT_BUNDLE_IDENTIFIER = com.sy.TestAccTests;
				PRODUCT_NAME = "$(TARGET_NAME)";
				SWIFT_EMIT_LOC_STRINGS = NO;
				SWIFT_VERSION = 5.0;
				TARGETED_DEVICE_FAMILY = "1,2";
				TEST_HOST = "$(BUILT_PRODUCTS_DIR)/TestAcc.app/$(BUNDLE_EXECUTABLE_FOLDER_PATH)/TestAcc";
			};
			name = Debug;
		};
		3CD3E0372DF58053006FCEDC /* Release */ = {
			isa = XCBuildConfiguration;
			buildSettings = {
				BUNDLE_LOADER = "$(TEST_HOST)";
				CODE_SIGN_STYLE = Automatic;
				CURRENT_PROJECT_VERSION = 1;
				GENERATE_INFOPLIST_FILE = YES;
				IPHONEOS_DEPLOYMENT_TARGET = 18.4;
				MARKETING_VERSION = 1.0;
				PRODUCT_BUNDLE_IDENTIFIER = com.sy.TestAccTests;
				PRODUCT_NAME = "$(TARGET_NAME)";
				SWIFT_EMIT_LOC_STRINGS = NO;
				SWIFT_VERSION = 5.0;
				TARGETED_DEVICE_FAMILY = "1,2";
				TEST_HOST = "$(BUILT_PRODUCTS_DIR)/TestAcc.app/$(BUNDLE_EXECUTABLE_FOLDER_PATH)/TestAcc";
			};
			name = Release;
		};
		3CD3E0392DF58053006FCEDC /* Debug */ = {
			isa = XCBuildConfiguration;
			buildSettings = {
				CODE_SIGN_STYLE = Automatic;
				CURRENT_PROJECT_VERSION = 1;
				GENERATE_INFOPLIST_FILE = YES;
				MARKETING_VERSION = 1.0;
				PRODUCT_BUNDLE_IDENTIFIER = com.sy.TestAccUITests;
				PRODUCT_NAME = "$(TARGET_NAME)";
				SWIFT_EMIT_LOC_STRINGS = NO;
				SWIFT_VERSION = 5.0;
				TARGETED_DEVICE_FAMILY = "1,2";
				TEST_TARGET_NAME = TestAcc;
			};
			name = Debug;
		};
		3CD3E03A2DF58053006FCEDC /* Release */ = {
			isa = XCBuildConfiguration;
			buildSettings = {
				CODE_SIGN_STYLE = Automatic;
				CURRENT_PROJECT_VERSION = 1;
				GENERATE_INFOPLIST_FILE = YES;
				MARKETING_VERSION = 1.0;
				PRODUCT_BUNDLE_IDENTIFIER = com.sy.TestAccUITests;
				PRODUCT_NAME = "$(TARGET_NAME)";
				SWIFT_EMIT_LOC_STRINGS = NO;
				SWIFT_VERSION = 5.0;
				TARGETED_DEVICE_FAMILY = "1,2";
				TEST_TARGET_NAME = TestAcc;
			};
			name = Release;
		};
/* End XCBuildConfiguration section */

/* Begin XCConfigurationList section */
		3CD3E00A2DF58051006FCEDC /* Build configuration list for PBXProject "TestAcc" */ = {
			isa = XCConfigurationList;
			buildConfigurations = (
				3CD3E0302DF58053006FCEDC /* Debug */,
				3CD3E0312DF58053006FCEDC /* Release */,
			);
			defaultConfigurationIsVisible = 0;
			defaultConfigurationName = Release;
		};
		3CD3E0322DF58053006FCEDC /* Build configuration list for PBXNativeTarget "TestAcc" */ = {
			isa = XCConfigurationList;
			buildConfigurations = (
				3CD3E0332DF58053006FCEDC /* Debug */,
				3CD3E0342DF58053006FCEDC /* Release */,
			);
			defaultConfigurationIsVisible = 0;
			defaultConfigurationName = Release;
		};
		3CD3E0352DF58053006FCEDC /* Build configuration list for PBXNativeTarget "TestAccTests" */ = {
			isa = XCConfigurationList;
			buildConfigurations = (
				3CD3E0362DF58053006FCEDC /* Debug */,
				3CD3E0372DF58053006FCEDC /* Release */,
			);
			defaultConfigurationIsVisible = 0;
			defaultConfigurationName = Release;
		};
		3CD3E0382DF58053006FCEDC /* Build configuration list for PBXNativeTarget "TestAccUITests" */ = {
			isa = XCConfigurationList;
			buildConfigurations = (
				3CD3E0392DF58053006FCEDC /* Debug */,
				3CD3E03A2DF58053006FCEDC /* Release */,
			);
			defaultConfigurationIsVisible = 0;
			defaultConfigurationName = Release;
		};
/* End XCConfigurationList section */
	};
	rootObject = 3CD3E0072DF58051006FCEDC /* Project object */;
}
